// !$*UTF8*$!
{
	archiveVersion = 1;
	classes = {
	};
	objectVersion = 46;
	objects = {

/* Begin PBXBuildFile section */
		E71A35311A91C095005A79C4 /* preview.jpg in Resources */ = {isa = PBXBuildFile; fileRef = E71A35301A91C095005A79C4 /* preview.jpg */; };
		E76A14E01A84877700F84ECC /* main.m in Sources */ = {isa = PBXBuildFile; fileRef = E76A14DF1A84877700F84ECC /* main.m */; };
		E76A14E31A84877700F84ECC /* AppDelegate.m in Sources */ = {isa = PBXBuildFile; fileRef = E76A14E21A84877700F84ECC /* AppDelegate.m */; };
		E76A14E61A84877700F84ECC /* ViewController.m in Sources */ = {isa = PBXBuildFile; fileRef = E76A14E51A84877700F84ECC /* ViewController.m */; };
		E76A14E91A84877700F84ECC /* Main.storyboard in Resources */ = {isa = PBXBuildFile; fileRef = E76A14E71A84877700F84ECC /* Main.storyboard */; };
		E76A14EB1A84877700F84ECC /* Images.xcassets in Resources */ = {isa = PBXBuildFile; fileRef = E76A14EA1A84877700F84ECC /* Images.xcassets */; };
		E76A14EE1A84877700F84ECC /* LaunchScreen.xib in Resources */ = {isa = PBXBuildFile; fileRef = E76A14EC1A84877700F84ECC /* LaunchScreen.xib */; };
		E76A14FA1A84877700F84ECC /* myApp3Tests.m in Sources */ = {isa = PBXBuildFile; fileRef = E76A14F91A84877700F84ECC /* myApp3Tests.m */; };
		E76A15051A849CF100F84ECC /* imageViewController.m in Sources */ = {isa = PBXBuildFile; fileRef = E76A15041A849CF100F84ECC /* imageViewController.m */; };
		E76A15081A84A14600F84ECC /* commentViewController.m in Sources */ = {isa = PBXBuildFile; fileRef = E76A15071A84A14600F84ECC /* commentViewController.m */; };
		E77869EF1A8890F000A4D009 /* TLViewController.m in Sources */ = {isa = PBXBuildFile; fileRef = E77869EE1A8890F000A4D009 /* TLViewController.m */; };
		E77869F21A88912400A4D009 /* AlbumViewController.m in Sources */ = {isa = PBXBuildFile; fileRef = E77869F11A88912400A4D009 /* AlbumViewController.m */; };
		E77869F51A88915800A4D009 /* MapViewController.m in Sources */ = {isa = PBXBuildFile; fileRef = E77869F41A88915800A4D009 /* MapViewController.m */; };
/* End PBXBuildFile section */

/* Begin PBXContainerItemProxy section */
		E76A14F41A84877700F84ECC /* PBXContainerItemProxy */ = {
			isa = PBXContainerItemProxy;
			containerPortal = E76A14D21A84877700F84ECC /* Project object */;
			proxyType = 1;
			remoteGlobalIDString = E76A14D91A84877700F84ECC;
			remoteInfo = myApp3;
		};
/* End PBXContainerItemProxy section */

/* Begin PBXFileReference section */
		E71A35301A91C095005A79C4 /* preview.jpg */ = {isa = PBXFileReference; lastKnownFileType = image.jpeg; path = preview.jpg; sourceTree = "<group>"; };
		E76A14DA1A84877700F84ECC /* myApp3.app */ = {isa = PBXFileReference; explicitFileType = wrapper.application; includeInIndex = 0; path = myApp3.app; sourceTree = BUILT_PRODUCTS_DIR; };
		E76A14DE1A84877700F84ECC /* Info.plist */ = {isa = PBXFileReference; lastKnownFileType = text.plist.xml; path = Info.plist; sourceTree = "<group>"; };
		E76A14DF1A84877700F84ECC /* main.m */ = {isa = PBXFileReference; lastKnownFileType = sourcecode.c.objc; path = main.m; sourceTree = "<group>"; };
		E76A14E11A84877700F84ECC /* AppDelegate.h */ = {isa = PBXFileReference; lastKnownFileType = sourcecode.c.h; path = AppDelegate.h; sourceTree = "<group>"; };
		E76A14E21A84877700F84ECC /* AppDelegate.m */ = {isa = PBXFileReference; lastKnownFileType = sourcecode.c.objc; path = AppDelegate.m; sourceTree = "<group>"; };
		E76A14E41A84877700F84ECC /* ViewController.h */ = {isa = PBXFileReference; lastKnownFileType = sourcecode.c.h; path = ViewController.h; sourceTree = "<group>"; };
		E76A14E51A84877700F84ECC /* ViewController.m */ = {isa = PBXFileReference; lastKnownFileType = sourcecode.c.objc; path = ViewController.m; sourceTree = "<group>"; };
		E76A14E81A84877700F84ECC /* Base */ = {isa = PBXFileReference; lastKnownFileType = file.storyboard; name = Base; path = Base.lproj/Main.storyboard; sourceTree = "<group>"; };
		E76A14EA1A84877700F84ECC /* Images.xcassets */ = {isa = PBXFileReference; lastKnownFileType = folder.assetcatalog; path = Images.xcassets; sourceTree = "<group>"; };
		E76A14ED1A84877700F84ECC /* Base */ = {isa = PBXFileReference; lastKnownFileType = file.xib; name = Base; path = Base.lproj/LaunchScreen.xib; sourceTree = "<group>"; };
		E76A14F31A84877700F84ECC /* myApp3Tests.xctest */ = {isa = PBXFileReference; explicitFileType = wrapper.cfbundle; includeInIndex = 0; path = myApp3Tests.xctest; sourceTree = BUILT_PRODUCTS_DIR; };
		E76A14F81A84877700F84ECC /* Info.plist */ = {isa = PBXFileReference; lastKnownFileType = text.plist.xml; path = Info.plist; sourceTree = "<group>"; };
		E76A14F91A84877700F84ECC /* myApp3Tests.m */ = {isa = PBXFileReference; lastKnownFileType = sourcecode.c.objc; path = myApp3Tests.m; sourceTree = "<group>"; };
		E76A15031A849CF100F84ECC /* imageViewController.h */ = {isa = PBXFileReference; fileEncoding = 4; lastKnownFileType = sourcecode.c.h; path = imageViewController.h; sourceTree = "<group>"; };
		E76A15041A849CF100F84ECC /* imageViewController.m */ = {isa = PBXFileReference; fileEncoding = 4; lastKnownFileType = sourcecode.c.objc; path = imageViewController.m; sourceTree = "<group>"; };
		E76A15061A84A14600F84ECC /* commentViewController.h */ = {isa = PBXFileReference; fileEncoding = 4; lastKnownFileType = sourcecode.c.h; path = commentViewController.h; sourceTree = "<group>"; };
		E76A15071A84A14600F84ECC /* commentViewController.m */ = {isa = PBXFileReference; fileEncoding = 4; lastKnownFileType = sourcecode.c.objc; path = commentViewController.m; sourceTree = "<group>"; };
		E77869ED1A8890F000A4D009 /* TLViewController.h */ = {isa = PBXFileReference; fileEncoding = 4; lastKnownFileType = sourcecode.c.h; path = TLViewController.h; sourceTree = "<group>"; };
		E77869EE1A8890F000A4D009 /* TLViewController.m */ = {isa = PBXFileReference; fileEncoding = 4; lastKnownFileType = sourcecode.c.objc; path = TLViewController.m; sourceTree = "<group>"; };
		E77869F01A88912400A4D009 /* AlbumViewController.h */ = {isa = PBXFileReference; fileEncoding = 4; lastKnownFileType = sourcecode.c.h; path = AlbumViewController.h; sourceTree = "<group>"; };
		E77869F11A88912400A4D009 /* AlbumViewController.m */ = {isa = PBXFileReference; fileEncoding = 4; lastKnownFileType = sourcecode.c.objc; path = AlbumViewController.m; sourceTree = "<group>"; };
		E77869F31A88915800A4D009 /* MapViewController.h */ = {isa = PBXFileReference; fileEncoding = 4; lastKnownFileType = sourcecode.c.h; path = MapViewController.h; sourceTree = "<group>"; };
		E77869F41A88915800A4D009 /* MapViewController.m */ = {isa = PBXFileReference; fileEncoding = 4; lastKnownFileType = sourcecode.c.objc; path = MapViewController.m; sourceTree = "<group>"; };
/* End PBXFileReference section */

/* Begin PBXFrameworksBuildPhase section */
		E76A14D71A84877700F84ECC /* Frameworks */ = {
			isa = PBXFrameworksBuildPhase;
			buildActionMask = 2147483647;
			files = (
			);
			runOnlyForDeploymentPostprocessing = 0;
		};
		E76A14F01A84877700F84ECC /* Frameworks */ = {
			isa = PBXFrameworksBuildPhase;
			buildActionMask = 2147483647;
			files = (
			);
			runOnlyForDeploymentPostprocessing = 0;
		};
/* End PBXFrameworksBuildPhase section */

/* Begin PBXGroup section */
		E71A352F1A91C095005A79C4 /* images */ = {
			isa = PBXGroup;
			children = (
				E71A35301A91C095005A79C4 /* preview.jpg */,
			);
			path = images;
			sourceTree = "<group>";
		};
		E76A14D11A84877700F84ECC = {
			isa = PBXGroup;
			children = (
				E76A14DC1A84877700F84ECC /* myApp3 */,
				E76A14F61A84877700F84ECC /* myApp3Tests */,
				E76A14DB1A84877700F84ECC /* Products */,
			);
			sourceTree = "<group>";
		};
		E76A14DB1A84877700F84ECC /* Products */ = {
			isa = PBXGroup;
			children = (
				E76A14DA1A84877700F84ECC /* myApp3.app */,
				E76A14F31A84877700F84ECC /* myApp3Tests.xctest */,
			);
			name = Products;
			sourceTree = "<group>";
		};
		E76A14DC1A84877700F84ECC /* myApp3 */ = {
			isa = PBXGroup;
			children = (
				E76A14E11A84877700F84ECC /* AppDelegate.h */,
				E76A14E21A84877700F84ECC /* AppDelegate.m */,
				E76A14E41A84877700F84ECC /* ViewController.h */,
				E76A14E51A84877700F84ECC /* ViewController.m */,
				E76A15031A849CF100F84ECC /* imageViewController.h */,
				E76A15041A849CF100F84ECC /* imageViewController.m */,
				E76A15061A84A14600F84ECC /* commentViewController.h */,
				E76A15071A84A14600F84ECC /* commentViewController.m */,
				E77869F01A88912400A4D009 /* AlbumViewController.h */,
				E77869F11A88912400A4D009 /* AlbumViewController.m */,
				E76A14E71A84877700F84ECC /* Main.storyboard */,
				E77869ED1A8890F000A4D009 /* TLViewController.h */,
				E77869EE1A8890F000A4D009 /* TLViewController.m */,
				E77869F31A88915800A4D009 /* MapViewController.h */,
				E77869F41A88915800A4D009 /* MapViewController.m */,
				E76A14EA1A84877700F84ECC /* Images.xcassets */,
				E76A14EC1A84877700F84ECC /* LaunchScreen.xib */,
				E76A14DD1A84877700F84ECC /* Supporting Files */,
			);
			path = myApp3;
			sourceTree = "<group>";
		};
		E76A14DD1A84877700F84ECC /* Supporting Files */ = {
			isa = PBXGroup;
			children = (
				E71A352F1A91C095005A79C4 /* images */,
				E76A14DE1A84877700F84ECC /* Info.plist */,
				E76A14DF1A84877700F84ECC /* main.m */,
			);
			name = "Supporting Files";
			sourceTree = "<group>";
		};
		E76A14F61A84877700F84ECC /* myApp3Tests */ = {
			isa = PBXGroup;
			children = (
				E76A14F91A84877700F84ECC /* myApp3Tests.m */,
				E76A14F71A84877700F84ECC /* Supporting Files */,
			);
			path = myApp3Tests;
			sourceTree = "<group>";
		};
		E76A14F71A84877700F84ECC /* Supporting Files */ = {
			isa = PBXGroup;
			children = (
				E76A14F81A84877700F84ECC /* Info.plist */,
			);
			name = "Supporting Files";
			sourceTree = "<group>";
		};
/* End PBXGroup section */

/* Begin PBXNativeTarget section */
		E76A14D91A84877700F84ECC /* myApp3 */ = {
			isa = PBXNativeTarget;
			buildConfigurationList = E76A14FD1A84877700F84ECC /* Build configuration list for PBXNativeTarget "myApp3" */;
			buildPhases = (
				E76A14D61A84877700F84ECC /* Sources */,
				E76A14D71A84877700F84ECC /* Frameworks */,
				E76A14D81A84877700F84ECC /* Resources */,
			);
			buildRules = (
			);
			dependencies = (
			);
			name = myApp3;
			productName = myApp3;
			productReference = E76A14DA1A84877700F84ECC /* myApp3.app */;
			productType = "com.apple.product-type.application";
		};
		E76A14F21A84877700F84ECC /* myApp3Tests */ = {
			isa = PBXNativeTarget;
			buildConfigurationList = E76A15001A84877700F84ECC /* Build configuration list for PBXNativeTarget "myApp3Tests" */;
			buildPhases = (
				E76A14EF1A84877700F84ECC /* Sources */,
				E76A14F01A84877700F84ECC /* Frameworks */,
				E76A14F11A84877700F84ECC /* Resources */,
			);
			buildRules = (
			);
			dependencies = (
				E76A14F51A84877700F84ECC /* PBXTargetDependency */,
			);
			name = myApp3Tests;
			productName = myApp3Tests;
			productReference = E76A14F31A84877700F84ECC /* myApp3Tests.xctest */;
			productType = "com.apple.product-type.bundle.unit-test";
		};
/* End PBXNativeTarget section */

/* Begin PBXProject section */
		E76A14D21A84877700F84ECC /* Project object */ = {
			isa = PBXProject;
			attributes = {
				LastUpgradeCheck = 0610;
				ORGANIZATIONNAME = "Saeko Fuse";
				TargetAttributes = {
					E76A14D91A84877700F84ECC = {
						CreatedOnToolsVersion = 6.1.1;
					};
					E76A14F21A84877700F84ECC = {
						CreatedOnToolsVersion = 6.1.1;
						TestTargetID = E76A14D91A84877700F84ECC;
					};
				};
			};
			buildConfigurationList = E76A14D51A84877700F84ECC /* Build configuration list for PBXProject "myApp3" */;
			compatibilityVersion = "Xcode 3.2";
			developmentRegion = English;
			hasScannedForEncodings = 0;
			knownRegions = (
				en,
				Base,
			);
			mainGroup = E76A14D11A84877700F84ECC;
			productRefGroup = E76A14DB1A84877700F84ECC /* Products */;
			projectDirPath = "";
			projectRoot = "";
			targets = (
				E76A14D91A84877700F84ECC /* myApp3 */,
				E76A14F21A84877700F84ECC /* myApp3Tests */,
			);
		};
/* End PBXProject section */

/* Begin PBXResourcesBuildPhase section */
		E76A14D81A84877700F84ECC /* Resources */ = {
			isa = PBXResourcesBuildPhase;
			buildActionMask = 2147483647;
			files = (
				E71A35311A91C095005A79C4 /* preview.jpg in Resources */,
				E76A14E91A84877700F84ECC /* Main.storyboard in Resources */,
				E76A14EE1A84877700F84ECC /* LaunchScreen.xib in Resources */,
				E76A14EB1A84877700F84ECC /* Images.xcassets in Resources */,
			);
			runOnlyForDeploymentPostprocessing = 0;
		};
		E76A14F11A84877700F84ECC /* Resources */ = {
			isa = PBXResourcesBuildPhase;
			buildActionMask = 2147483647;
			files = (
			);
			runOnlyForDeploymentPostprocessing = 0;
		};
/* End PBXResourcesBuildPhase section */

/* Begin PBXSourcesBuildPhase section */
		E76A14D61A84877700F84ECC /* Sources */ = {
			isa = PBXSourcesBuildPhase;
			buildActionMask = 2147483647;
			files = (
				E77869EF1A8890F000A4D009 /* TLViewController.m in Sources */,
				E76A14E61A84877700F84ECC /* ViewController.m in Sources */,
				E77869F21A88912400A4D009 /* AlbumViewController.m in Sources */,
				E77869F51A88915800A4D009 /* MapViewController.m in Sources */,
				E76A14E31A84877700F84ECC /* AppDelegate.m in Sources */,
				E76A15081A84A14600F84ECC /* commentViewController.m in Sources */,
				E76A15051A849CF100F84ECC /* imageViewController.m in Sources */,
				E76A14E01A84877700F84ECC /* main.m in Sources */,
			);
			runOnlyForDeploymentPostprocessing = 0;
		};
		E76A14EF1A84877700F84ECC /* Sources */ = {
			isa = PBXSourcesBuildPhase;
			buildActionMask = 2147483647;
			files = (
				E76A14FA1A84877700F84ECC /* myApp3Tests.m in Sources */,
			);
			runOnlyForDeploymentPostprocessing = 0;
		};
/* End PBXSourcesBuildPhase section */

/* Begin PBXTargetDependency section */
		E76A14F51A84877700F84ECC /* PBXTargetDependency */ = {
			isa = PBXTargetDependency;
			target = E76A14D91A84877700F84ECC /* myApp3 */;
			targetProxy = E76A14F41A84877700F84ECC /* PBXContainerItemProxy */;
		};
/* End PBXTargetDependency section */

/* Begin PBXVariantGroup section */
		E76A14E71A84877700F84ECC /* Main.storyboard */ = {
			isa = PBXVariantGroup;
			children = (
				E76A14E81A84877700F84ECC /* Base */,
			);
			name = Main.storyboard;
			sourceTree = "<group>";
		};
		E76A14EC1A84877700F84ECC /* LaunchScreen.xib */ = {
			isa = PBXVariantGroup;
			children = (
				E76A14ED1A84877700F84ECC /* Base */,
			);
			name = LaunchScreen.xib;
			sourceTree = "<group>";
		};
/* End PBXVariantGroup section */

/* Begin XCBuildConfiguration section */
		E76A14FB1A84877700F84ECC /* Debug */ = {
			isa = XCBuildConfiguration;
			buildSettings = {
				ALWAYS_SEARCH_USER_PATHS = NO;
				CLANG_CXX_LANGUAGE_STANDARD = "gnu++0x";
				CLANG_CXX_LIBRARY = "libc++";
				CLANG_ENABLE_MODULES = YES;
				CLANG_ENABLE_OBJC_ARC = YES;
				CLANG_WARN_BOOL_CONVERSION = YES;
				CLANG_WARN_CONSTANT_CONVERSION = YES;
				CLANG_WARN_DIRECT_OBJC_ISA_USAGE = YES_ERROR;
				CLANG_WARN_EMPTY_BODY = YES;
				CLANG_WARN_ENUM_CONVERSION = YES;
				CLANG_WARN_INT_CONVERSION = YES;
				CLANG_WARN_OBJC_ROOT_CLASS = YES_ERROR;
				CLANG_WARN_UNREACHABLE_CODE = YES;
				CLANG_WARN__DUPLICATE_METHOD_MATCH = YES;
				"CODE_SIGN_IDENTITY[sdk=iphoneos*]" = "iPhone Developer";
				COPY_PHASE_STRIP = NO;
				ENABLE_STRICT_OBJC_MSGSEND = YES;
				GCC_C_LANGUAGE_STANDARD = gnu99;
				GCC_DYNAMIC_NO_PIC = NO;
				GCC_OPTIMIZATION_LEVEL = 0;
				GCC_PREPROCESSOR_DEFINITIONS = (
					"DEBUG=1",
					"$(inherited)",
				);
				GCC_SYMBOLS_PRIVATE_EXTERN = NO;
				GCC_WARN_64_TO_32_BIT_CONVERSION = YES;
				GCC_WARN_ABOUT_RETURN_TYPE = YES_ERROR;
				GCC_WARN_UNDECLARED_SELECTOR = YES;
				GCC_WARN_UNINITIALIZED_AUTOS = YES_AGGRESSIVE;
				GCC_WARN_UNUSED_FUNCTION = YES;
				GCC_WARN_UNUSED_VARIABLE = YES;
				IPHONEOS_DEPLOYMENT_TARGET = 8.1;
				MTL_ENABLE_DEBUG_INFO = YES;
				ONLY_ACTIVE_ARCH = YES;
				SDKROOT = iphoneos;
			};
			name = Debug;
		};
		E76A14FC1A84877700F84ECC /* Release */ = {
			isa = XCBuildConfiguration;
			buildSettings = {
				ALWAYS_SEARCH_USER_PATHS = NO;
				CLANG_CXX_LANGUAGE_STANDARD = "gnu++0x";
				CLANG_CXX_LIBRARY = "libc++";
				CLANG_ENABLE_MODULES = YES;
				CLANG_ENABLE_OBJC_ARC = YES;
				CLANG_WARN_BOOL_CONVERSION = YES;
				CLANG_WARN_CONSTANT_CONVERSION = YES;
				CLANG_WARN_DIRECT_OBJC_ISA_USAGE = YES_ERROR;
				CLANG_WARN_EMPTY_BODY = YES;
				CLANG_WARN_ENUM_CONVERSION = YES;
				CLANG_WARN_INT_CONVERSION = YES;
				CLANG_WARN_OBJC_ROOT_CLASS = YES_ERROR;
				CLANG_WARN_UNREACHABLE_CODE = YES;
				CLANG_WARN__DUPLICATE_METHOD_MATCH = YES;
				"CODE_SIGN_IDENTITY[sdk=iphoneos*]" = "iPhone Developer";
				COPY_PHASE_STRIP = YES;
				ENABLE_NS_ASSERTIONS = NO;
				ENABLE_STRICT_OBJC_MSGSEND = YES;
				GCC_C_LANGUAGE_STANDARD = gnu99;
				GCC_WARN_64_TO_32_BIT_CONVERSION = YES;
				GCC_WARN_ABOUT_RETURN_TYPE = YES_ERROR;
				GCC_WARN_UNDECLARED_SELECTOR = YES;
				GCC_WARN_UNINITIALIZED_AUTOS = YES_AGGRESSIVE;
				GCC_WARN_UNUSED_FUNCTION = YES;
				GCC_WARN_UNUSED_VARIABLE = YES;
				IPHONEOS_DEPLOYMENT_TARGET = 8.1;
				MTL_ENABLE_DEBUG_INFO = NO;
				SDKROOT = iphoneos;
				VALIDATE_PRODUCT = YES;
			};
			name = Release;
		};
		E76A14FE1A84877700F84ECC /* Debug */ = {
			isa = XCBuildConfiguration;
			buildSettings = {
				ASSETCATALOG_COMPILER_APPICON_NAME = AppIcon;
				INFOPLIST_FILE = myApp3/Info.plist;
				LD_RUNPATH_SEARCH_PATHS = "$(inherited) @executable_path/Frameworks";
				PRODUCT_NAME = "$(TARGET_NAME)";
			};
			name = Debug;
		};
		E76A14FF1A84877700F84ECC /* Release */ = {
			isa = XCBuildConfiguration;
			buildSettings = {
				ASSETCATALOG_COMPILER_APPICON_NAME = AppIcon;
				INFOPLIST_FILE = myApp3/Info.plist;
				LD_RUNPATH_SEARCH_PATHS = "$(inherited) @executable_path/Frameworks";
				PRODUCT_NAME = "$(TARGET_NAME)";
			};
			name = Release;
		};
		E76A15011A84877700F84ECC /* Debug */ = {
			isa = XCBuildConfiguration;
			buildSettings = {
				BUNDLE_LOADER = "$(TEST_HOST)";
				FRAMEWORK_SEARCH_PATHS = (
					"$(SDKROOT)/Developer/Library/Frameworks",
					"$(inherited)",
				);
				GCC_PREPROCESSOR_DEFINITIONS = (
					"DEBUG=1",
					"$(inherited)",
				);
				INFOPLIST_FILE = myApp3Tests/Info.plist;
				LD_RUNPATH_SEARCH_PATHS = "$(inherited) @executable_path/Frameworks @loader_path/Frameworks";
				PRODUCT_NAME = "$(TARGET_NAME)";
				TEST_HOST = "$(BUILT_PRODUCTS_DIR)/myApp3.app/myApp3";
			};
			name = Debug;
		};
		E76A15021A84877700F84ECC /* Release */ = {
			isa = XCBuildConfiguration;
			buildSettings = {
				BUNDLE_LOADER = "$(TEST_HOST)";
				FRAMEWORK_SEARCH_PATHS = (
					"$(SDKROOT)/Developer/Library/Frameworks",
					"$(inherited)",
				);
				INFOPLIST_FILE = myApp3Tests/Info.plist;
				LD_RUNPATH_SEARCH_PATHS = "$(inherited) @executable_path/Frameworks @loader_path/Frameworks";
				PRODUCT_NAME = "$(TARGET_NAME)";
				TEST_HOST = "$(BUILT_PRODUCTS_DIR)/myApp3.app/myApp3";
			};
			name = Release;
		};
/* End XCBuildConfiguration section */

/* Begin XCConfigurationList section */
		E76A14D51A84877700F84ECC /* Build configuration list for PBXProject "myApp3" */ = {
			isa = XCConfigurationList;
			buildConfigurations = (
				E76A14FB1A84877700F84ECC /* Debug */,
				E76A14FC1A84877700F84ECC /* Release */,
			);
			defaultConfigurationIsVisible = 0;
			defaultConfigurationName = Release;
		};
		E76A14FD1A84877700F84ECC /* Build configuration list for PBXNativeTarget "myApp3" */ = {
			isa = XCConfigurationList;
			buildConfigurations = (
				E76A14FE1A84877700F84ECC /* Debug */,
				E76A14FF1A84877700F84ECC /* Release */,
			);
			defaultConfigurationIsVisible = 0;
			defaultConfigurationName = Release;
		};
		E76A15001A84877700F84ECC /* Build configuration list for PBXNativeTarget "myApp3Tests" */ = {
			isa = XCConfigurationList;
			buildConfigurations = (
				E76A15011A84877700F84ECC /* Debug */,
				E76A15021A84877700F84ECC /* Release */,
			);
			defaultConfigurationIsVisible = 0;
			defaultConfigurationName = Release;
		};
/* End XCConfigurationList section */
	};
	rootObject = E76A14D21A84877700F84ECC /* Project object */;
}
